<?xml version="1.0" encoding="utf-8"?>
<Project ToolsVersion="4.0" xmlns="http://schemas.microsoft.com/developer/msbuild/2003">
  <ItemGroup>
    <Filter Include="Source Files">
      <UniqueIdentifier>{4FC737F1-C7A5-4376-A066-2A32D752A2FF}</UniqueIdentifier>
      <Extensions>cpp;c;cc;cxx;c++;def;odl;idl;hpj;bat;asm;asmx</Extensions>
    </Filter>
    <Filter Include="Header Files">
      <UniqueIdentifier>{93995380-89BD-4b04-88EB-625FBE52EBFB}</UniqueIdentifier>
      <Extensions>h;hh;hpp;hxx;h++;hm;inl;inc;ipp;xsd</Extensions>
    </Filter>
    <Filter Include="Resource Files">
      <UniqueIdentifier>{67DA6AB6-F800-4c08-8B7A-83BB121AAD01}</UniqueIdentifier>
      <Extensions>rc;ico;cur;bmp;dlg;rc2;rct;bin;rgs;gif;jpg;jpeg;jpe;resx;tiff;tif;png;wav;mfcribbon-ms</Extensions>
    </Filter>
    <Filter Include="Header Files\Engine">
      <UniqueIdentifier>{72f89a59-8113-4407-88a4-12c9220d971f}</UniqueIdentifier>
    </Filter>
    <Filter Include="Header Files\FileIO">
      <UniqueIdentifier>{54682370-f21f-4e57-90f5-f0a5158be337}</UniqueIdentifier>
    </Filter>
    <Filter Include="Header Files\GameObjects">
      <UniqueIdentifier>{2fec44ca-3891-4215-92ff-4c65c1ce18ca}</UniqueIdentifier>
    </Filter>
    <Filter Include="Header Files\Screens">
      <UniqueIdentifier>{63c1378b-34e8-4ee6-810c-5212cf78c384}</UniqueIdentifier>
    </Filter>
    <Filter Include="Header Files\Screens\Select">
      <UniqueIdentifier>{b980cd71-85ee-4c77-8067-2769b8f6a5b5}</UniqueIdentifier>
    </Filter>
    <Filter Include="Header Files\Screens\Game">
      <UniqueIdentifier>{141a1bd7-2830-4349-8951-4c8eb7260000}</UniqueIdentifier>
    </Filter>
    <Filter Include="Source Files\Engine">
      <UniqueIdentifier>{54c65063-22eb-4dc0-822d-9e019ede988f}</UniqueIdentifier>
    </Filter>
    <Filter Include="Source Files\FileIO">
      <UniqueIdentifier>{57a46d42-bb80-42ec-91e1-c1acec5270a5}</UniqueIdentifier>
    </Filter>
    <Filter Include="Source Files\GameObjects">
      <UniqueIdentifier>{67ea1909-d631-419d-9682-8b6984d4ab0b}</UniqueIdentifier>
    </Filter>
    <Filter Include="Source Files\Screens">
      <UniqueIdentifier>{20a10cbf-9205-455f-9081-eefe2a8b600a}</UniqueIdentifier>
    </Filter>
    <Filter Include="Source Files\Screens\Game">
      <UniqueIdentifier>{d26b263e-1f84-4eaf-b2fe-e626671826c5}</UniqueIdentifier>
    </Filter>
    <Filter Include="Source Files\Screens\Select">
      <UniqueIdentifier>{dfb065b4-61fd-4eab-b359-e30a2c899dd7}</UniqueIdentifier>
    </Filter>
  </ItemGroup>
  <ItemGroup>
    <ClInclude Include="DevelopState.h">
      <Filter>Header Files\Engine</Filter>
    </ClInclude>
    <ClInclude Include="GameEngine.h">
      <Filter>Header Files\Engine</Filter>
    </ClInclude>
    <ClInclude Include="SoundEngine.h">
      <Filter>Header Files\Engine</Filter>
    </ClInclude>
    <ClInclude Include="ScreenManager.h">
      <Filter>Header Files\Engine</Filter>
    </ClInclude>
    <ClInclude Include="BitmapStore.h">
      <Filter>Header Files\Engine</Filter>
    </ClInclude>
    <ClInclude Include="ScreenManagerRemoteControl.h">
      <Filter>Header Files\Screens</Filter>
    </ClInclude>
    <ClInclude Include="Button.h">
      <Filter>Header Files\Screens</Filter>
    </ClInclude>
    <ClInclude Include="UIPanel.h">
      <Filter>Header Files\Screens</Filter>
    </ClInclude>
    <ClInclude Include="InputHandler.h">
      <Filter>Header Files\Screens</Filter>
    </ClInclude>
    <ClInclude Include="Screen.h">
      <Filter>Header Files\Screens</Filter>
    </ClInclude>
    <ClInclude Include="WorldState.h">
      <Filter>Header Files\Engine</Filter>
    </ClInclude>
    <ClInclude Include="SelectScreen.h">
      <Filter>Header Files\Screens\Select</Filter>
    </ClInclude>
    <ClInclude Include="SelectInputHandler.h">
      <Filter>Header Files\Screens\Select</Filter>
    </ClInclude>
    <ClInclude Include="SelectUIPanel.h">
      <Filter>Header Files\Screens\Select</Filter>
    </ClInclude>
    <ClInclude Include="GameScreen.h">
      <Filter>Header Files\Screens\Game</Filter>
    </ClInclude>
  </ItemGroup>
  <ItemGroup>
    <ClCompile Include="Space Invaders ++.cpp">
      <Filter>Source Files\Engine</Filter>
    </ClCompile>
    <ClCompile Include="GameEngine.cpp">
      <Filter>Source Files\Engine</Filter>
    </ClCompile>
    <ClCompile Include="SoundEngine.cpp">
      <Filter>Source Files\Engine</Filter>
    </ClCompile>
    <ClCompile Include="ScreenManager.cpp">
      <Filter>Source Files\Engine</Filter>
    </ClCompile>
    <ClCompile Include="BitmapStore.cpp">
      <Filter>Source Files\Engine</Filter>
    </ClCompile>
    <ClCompile Include="ScreenManagerRemoteControl.cpp">
      <Filter>Source Files\Screens</Filter>
    </ClCompile>
    <ClCompile Include="Button.cpp">
      <Filter>Source Files\Screens</Filter>
    </ClCompile>
    <ClCompile Include="UIPanel.cpp">
      <Filter>Source Files\Screens</Filter>
    </ClCompile>
    <ClCompile Include="InputHandler.cpp">
      <Filter>Source Files\Screens</Filter>
    </ClCompile>
    <ClCompile Include="Screen.cpp">
      <Filter>Source Files\Screens</Filter>
    </ClCompile>
    <ClCompile Include="SelectScreen.cpp">
      <Filter>Source Files\Screens\Select</Filter>
    </ClCompile>
    <ClCompile Include="SelectInputHandler.cpp">
      <Filter>Source Files\Screens\Select</Filter>
    </ClCompile>
    <ClCompile Include="SelectUIPanel.cpp">
      <Filter>Source Files\Screens\Select</Filter>
    </ClCompile>
    <ClCompile Include="GameScreen.cpp">
      <Filter>Source Files\Screens\Game</Filter>
    </ClCompile>
  </ItemGroup>
</Project>